// !$*UTF8*$!
{
	archiveVersion = 1;
	classes = {
	};
	objectVersion = 46;
	objects = {

/* Begin PBXBuildFile section */
		9E5D86B5162ACB4900E726AB /* UIKit.framework in Frameworks */ = {isa = PBXBuildFile; fileRef = 9E5D86B4162ACB4900E726AB /* UIKit.framework */; };
		9E5D86B7162ACB4900E726AB /* Foundation.framework in Frameworks */ = {isa = PBXBuildFile; fileRef = 9E5D86B6162ACB4900E726AB /* Foundation.framework */; };
		9E5D86B9162ACB4900E726AB /* CoreGraphics.framework in Frameworks */ = {isa = PBXBuildFile; fileRef = 9E5D86B8162ACB4900E726AB /* CoreGraphics.framework */; };
		9E5D86BF162ACB4900E726AB /* InfoPlist.strings in Resources */ = {isa = PBXBuildFile; fileRef = 9E5D86BD162ACB4900E726AB /* InfoPlist.strings */; };
		9E5D86C1162ACB4900E726AB /* main.m in Sources */ = {isa = PBXBuildFile; fileRef = 9E5D86C0162ACB4900E726AB /* main.m */; };
		9E5D86C5162ACB4900E726AB /* BirdsAppDelegate.m in Sources */ = {isa = PBXBuildFile; fileRef = 9E5D86C4162ACB4900E726AB /* BirdsAppDelegate.m */; };
		9E5D86C7162ACB4900E726AB /* Default.png in Resources */ = {isa = PBXBuildFile; fileRef = 9E5D86C6162ACB4900E726AB /* Default.png */; };
		9E5D86C9162ACB4900E726AB /* Default@2x.png in Resources */ = {isa = PBXBuildFile; fileRef = 9E5D86C8162ACB4900E726AB /* Default@2x.png */; };
		9E5D86CB162ACB4900E726AB /* Default-568h@2x.png in Resources */ = {isa = PBXBuildFile; fileRef = 9E5D86CA162ACB4900E726AB /* Default-568h@2x.png */; };
		9E5D86CE162ACB4900E726AB /* MainStoryboard.storyboard in Resources */ = {isa = PBXBuildFile; fileRef = 9E5D86CC162ACB4900E726AB /* MainStoryboard.storyboard */; };
		9E5D86D1162ACB4900E726AB /* BirdsMasterViewController.m in Sources */ = {isa = PBXBuildFile; fileRef = 9E5D86D0162ACB4900E726AB /* BirdsMasterViewController.m */; };
		9E5D86D4162ACB4A00E726AB /* BirdsDetailViewController.m in Sources */ = {isa = PBXBuildFile; fileRef = 9E5D86D3162ACB4A00E726AB /* BirdsDetailViewController.m */; };
		9E5D86DC162ACFC300E726AB /* BirdSighting.m in Sources */ = {isa = PBXBuildFile; fileRef = 9E5D86DB162ACFC300E726AB /* BirdSighting.m */; };
		9E5D86DF162AD2C900E726AB /* BirdSightingDataController.m in Sources */ = {isa = PBXBuildFile; fileRef = 9E5D86DE162AD2C900E726AB /* BirdSightingDataController.m */; };
		9E5D86E6162AF39500E726AB /* AddSightingViewController.m in Sources */ = {isa = PBXBuildFile; fileRef = 9E5D86E5162AF39500E726AB /* AddSightingViewController.m */; };
/* End PBXBuildFile section */

/* Begin PBXFileReference section */
		9E5D86B0162ACB4900E726AB /* BirdWatching.app */ = {isa = PBXFileReference; explicitFileType = wrapper.application; includeInIndex = 0; path = BirdWatching.app; sourceTree = BUILT_PRODUCTS_DIR; };
		9E5D86B4162ACB4900E726AB /* UIKit.framework */ = {isa = PBXFileReference; lastKnownFileType = wrapper.framework; name = UIKit.framework; path = System/Library/Frameworks/UIKit.framework; sourceTree = SDKROOT; };
		9E5D86B6162ACB4900E726AB /* Foundation.framework */ = {isa = PBXFileReference; lastKnownFileType = wrapper.framework; name = Foundation.framework; path = System/Library/Frameworks/Foundation.framework; sourceTree = SDKROOT; };
		9E5D86B8162ACB4900E726AB /* CoreGraphics.framework */ = {isa = PBXFileReference; lastKnownFileType = wrapper.framework; name = CoreGraphics.framework; path = System/Library/Frameworks/CoreGraphics.framework; sourceTree = SDKROOT; };
		9E5D86BC162ACB4900E726AB /* BirdWatching-Info.plist */ = {isa = PBXFileReference; lastKnownFileType = text.plist.xml; path = "BirdWatching-Info.plist"; sourceTree = "<group>"; };
		9E5D86BE162ACB4900E726AB /* en */ = {isa = PBXFileReference; lastKnownFileType = text.plist.strings; name = en; path = en.lproj/InfoPlist.strings; sourceTree = "<group>"; };
		9E5D86C0162ACB4900E726AB /* main.m */ = {isa = PBXFileReference; lastKnownFileType = sourcecode.c.objc; path = main.m; sourceTree = "<group>"; };
		9E5D86C2162ACB4900E726AB /* BirdWatching-Prefix.pch */ = {isa = PBXFileReference; lastKnownFileType = sourcecode.c.h; path = "BirdWatching-Prefix.pch"; sourceTree = "<group>"; };
		9E5D86C3162ACB4900E726AB /* BirdsAppDelegate.h */ = {isa = PBXFileReference; lastKnownFileType = sourcecode.c.h; path = BirdsAppDelegate.h; sourceTree = "<group>"; };
		9E5D86C4162ACB4900E726AB /* BirdsAppDelegate.m */ = {isa = PBXFileReference; lastKnownFileType = sourcecode.c.objc; path = BirdsAppDelegate.m; sourceTree = "<group>"; };
		9E5D86C6162ACB4900E726AB /* Default.png */ = {isa = PBXFileReference; lastKnownFileType = image.png; path = Default.png; sourceTree = "<group>"; };
		9E5D86C8162ACB4900E726AB /* Default@2x.png */ = {isa = PBXFileReference; lastKnownFileType = image.png; path = "Default@2x.png"; sourceTree = "<group>"; };
		9E5D86CA162ACB4900E726AB /* Default-568h@2x.png */ = {isa = PBXFileReference; lastKnownFileType = image.png; path = "Default-568h@2x.png"; sourceTree = "<group>"; };
		9E5D86CD162ACB4900E726AB /* en */ = {isa = PBXFileReference; lastKnownFileType = file.storyboard; name = en; path = en.lproj/MainStoryboard.storyboard; sourceTree = "<group>"; };
		9E5D86CF162ACB4900E726AB /* BirdsMasterViewController.h */ = {isa = PBXFileReference; lastKnownFileType = sourcecode.c.h; path = BirdsMasterViewController.h; sourceTree = "<group>"; };
		9E5D86D0162ACB4900E726AB /* BirdsMasterViewController.m */ = {isa = PBXFileReference; lastKnownFileType = sourcecode.c.objc; path = BirdsMasterViewController.m; sourceTree = "<group>"; };
		9E5D86D2162ACB4900E726AB /* BirdsDetailViewController.h */ = {isa = PBXFileReference; lastKnownFileType = sourcecode.c.h; path = BirdsDetailViewController.h; sourceTree = "<group>"; };
		9E5D86D3162ACB4A00E726AB /* BirdsDetailViewController.m */ = {isa = PBXFileReference; lastKnownFileType = sourcecode.c.objc; path = BirdsDetailViewController.m; sourceTree = "<group>"; };
		9E5D86DA162ACFC300E726AB /* BirdSighting.h */ = {isa = PBXFileReference; fileEncoding = 4; lastKnownFileType = sourcecode.c.h; path = BirdSighting.h; sourceTree = "<group>"; };
		9E5D86DB162ACFC300E726AB /* BirdSighting.m */ = {isa = PBXFileReference; fileEncoding = 4; lastKnownFileType = sourcecode.c.objc; path = BirdSighting.m; sourceTree = "<group>"; };
		9E5D86DD162AD2C900E726AB /* BirdSightingDataController.h */ = {isa = PBXFileReference; fileEncoding = 4; lastKnownFileType = sourcecode.c.h; path = BirdSightingDataController.h; sourceTree = "<group>"; };
		9E5D86DE162AD2C900E726AB /* BirdSightingDataController.m */ = {isa = PBXFileReference; fileEncoding = 4; lastKnownFileType = sourcecode.c.objc; path = BirdSightingDataController.m; sourceTree = "<group>"; };
		9E5D86E4162AF39500E726AB /* AddSightingViewController.h */ = {isa = PBXFileReference; fileEncoding = 4; lastKnownFileType = sourcecode.c.h; path = AddSightingViewController.h; sourceTree = "<group>"; };
		9E5D86E5162AF39500E726AB /* AddSightingViewController.m */ = {isa = PBXFileReference; fileEncoding = 4; lastKnownFileType = sourcecode.c.objc; path = AddSightingViewController.m; sourceTree = "<group>"; };
/* End PBXFileReference section */

/* Begin PBXFrameworksBuildPhase section */
		9E5D86AD162ACB4900E726AB /* Frameworks */ = {
			isa = PBXFrameworksBuildPhase;
			buildActionMask = 2147483647;
			files = (
				9E5D86B5162ACB4900E726AB /* UIKit.framework in Frameworks */,
				9E5D86B7162ACB4900E726AB /* Foundation.framework in Frameworks */,
				9E5D86B9162ACB4900E726AB /* CoreGraphics.framework in Frameworks */,
			);
			runOnlyForDeploymentPostprocessing = 0;
		};
/* End PBXFrameworksBuildPhase section */

/* Begin PBXGroup section */
		9E5D86A5162ACB4900E726AB = {
			isa = PBXGroup;
			children = (
				9E5D86BA162ACB4900E726AB /* BirdWatching */,
				9E5D86B3162ACB4900E726AB /* Frameworks */,
				9E5D86B1162ACB4900E726AB /* Products */,
			);
			sourceTree = "<group>";
		};
		9E5D86B1162ACB4900E726AB /* Products */ = {
			isa = PBXGroup;
			children = (
				9E5D86B0162ACB4900E726AB /* BirdWatching.app */,
			);
			name = Products;
			sourceTree = "<group>";
		};
		9E5D86B3162ACB4900E726AB /* Frameworks */ = {
			isa = PBXGroup;
			children = (
				9E5D86B4162ACB4900E726AB /* UIKit.framework */,
				9E5D86B6162ACB4900E726AB /* Foundation.framework */,
				9E5D86B8162ACB4900E726AB /* CoreGraphics.framework */,
			);
			name = Frameworks;
			sourceTree = "<group>";
		};
		9E5D86BA162ACB4900E726AB /* BirdWatching */ = {
			isa = PBXGroup;
			children = (
				9E5D86C3162ACB4900E726AB /* BirdsAppDelegate.h */,
				9E5D86C4162ACB4900E726AB /* BirdsAppDelegate.m */,
				9E5D86CC162ACB4900E726AB /* MainStoryboard.storyboard */,
				9E5D86E7162B1B3600E726AB /* Add */,
				9E5D86E0162AE21D00E726AB /* Model */,
				9E5D86E1162AE23300E726AB /* Master */,
				9E5D86E3162AE24300E726AB /* Detail */,
				9E5D86BB162ACB4900E726AB /* Supporting Files */,
			);
			path = BirdWatching;
			sourceTree = "<group>";
		};
		9E5D86BB162ACB4900E726AB /* Supporting Files */ = {
			isa = PBXGroup;
			children = (
				9E5D86BC162ACB4900E726AB /* BirdWatching-Info.plist */,
				9E5D86BD162ACB4900E726AB /* InfoPlist.strings */,
				9E5D86C0162ACB4900E726AB /* main.m */,
				9E5D86C2162ACB4900E726AB /* BirdWatching-Prefix.pch */,
				9E5D86C6162ACB4900E726AB /* Default.png */,
				9E5D86C8162ACB4900E726AB /* Default@2x.png */,
				9E5D86CA162ACB4900E726AB /* Default-568h@2x.png */,
			);
			name = "Supporting Files";
			sourceTree = "<group>";
		};
		9E5D86E0162AE21D00E726AB /* Model */ = {
			isa = PBXGroup;
			children = (
				9E5D86DA162ACFC300E726AB /* BirdSighting.h */,
				9E5D86DB162ACFC300E726AB /* BirdSighting.m */,
				9E5D86DD162AD2C900E726AB /* BirdSightingDataController.h */,
				9E5D86DE162AD2C900E726AB /* BirdSightingDataController.m */,
			);
			name = Model;
			sourceTree = "<group>";
		};
		9E5D86E1162AE23300E726AB /* Master */ = {
			isa = PBXGroup;
			children = (
				9E5D86CF162ACB4900E726AB /* BirdsMasterViewController.h */,
				9E5D86D0162ACB4900E726AB /* BirdsMasterViewController.m */,
			);
			name = Master;
			sourceTree = "<group>";
		};
		9E5D86E3162AE24300E726AB /* Detail */ = {
			isa = PBXGroup;
			children = (
				9E5D86D2162ACB4900E726AB /* BirdsDetailViewController.h */,
				9E5D86D3162ACB4A00E726AB /* BirdsDetailViewController.m */,
			);
			name = Detail;
			sourceTree = "<group>";
		};
		9E5D86E7162B1B3600E726AB /* Add */ = {
			isa = PBXGroup;
			children = (
				9E5D86E4162AF39500E726AB /* AddSightingViewController.h */,
				9E5D86E5162AF39500E726AB /* AddSightingViewController.m */,
			);
			name = Add;
			sourceTree = "<group>";
		};
/* End PBXGroup section */

/* Begin PBXNativeTarget section */
		9E5D86AF162ACB4900E726AB /* BirdWatching */ = {
			isa = PBXNativeTarget;
			buildConfigurationList = 9E5D86D7162ACB4A00E726AB /* Build configuration list for PBXNativeTarget "BirdWatching" */;
			buildPhases = (
				9E5D86AC162ACB4900E726AB /* Sources */,
				9E5D86AD162ACB4900E726AB /* Frameworks */,
				9E5D86AE162ACB4900E726AB /* Resources */,
			);
			buildRules = (
			);
			dependencies = (
			);
			name = BirdWatching;
			productName = BirdWatching;
			productReference = 9E5D86B0162ACB4900E726AB /* BirdWatching.app */;
			productType = "com.apple.product-type.application";
		};
/* End PBXNativeTarget section */

/* Begin PBXProject section */
		9E5D86A7162ACB4900E726AB /* Project object */ = {
			isa = PBXProject;
			attributes = {
				CLASSPREFIX = Birds;
				LastUpgradeCheck = 0450;
				ORGANIZATIONNAME = "Ramon Bartl";
			};
			buildConfigurationList = 9E5D86AA162ACB4900E726AB /* Build configuration list for PBXProject "BirdWatching" */;
			compatibilityVersion = "Xcode 3.2";
			developmentRegion = English;
			hasScannedForEncodings = 0;
			knownRegions = (
				en,
			);
			mainGroup = 9E5D86A5162ACB4900E726AB;
			productRefGroup = 9E5D86B1162ACB4900E726AB /* Products */;
			projectDirPath = "";
			projectRoot = "";
			targets = (
				9E5D86AF162ACB4900E726AB /* BirdWatching */,
			);
		};
/* End PBXProject section */

/* Begin PBXResourcesBuildPhase section */
		9E5D86AE162ACB4900E726AB /* Resources */ = {
			isa = PBXResourcesBuildPhase;
			buildActionMask = 2147483647;
			files = (
				9E5D86BF162ACB4900E726AB /* InfoPlist.strings in Resources */,
				9E5D86C7162ACB4900E726AB /* Default.png in Resources */,
				9E5D86C9162ACB4900E726AB /* Default@2x.png in Resources */,
				9E5D86CB162ACB4900E726AB /* Default-568h@2x.png in Resources */,
				9E5D86CE162ACB4900E726AB /* MainStoryboard.storyboard in Resources */,
			);
			runOnlyForDeploymentPostprocessing = 0;
		};
/* End PBXResourcesBuildPhase section */

/* Begin PBXSourcesBuildPhase section */
		9E5D86AC162ACB4900E726AB /* Sources */ = {
			isa = PBXSourcesBuildPhase;
			buildActionMask = 2147483647;
			files = (
				9E5D86C1162ACB4900E726AB /* main.m in Sources */,
				9E5D86C5162ACB4900E726AB /* BirdsAppDelegate.m in Sources */,
				9E5D86D1162ACB4900E726AB /* BirdsMasterViewController.m in Sources */,
				9E5D86D4162ACB4A00E726AB /* BirdsDetailViewController.m in Sources */,
				9E5D86DC162ACFC300E726AB /* BirdSighting.m in Sources */,
				9E5D86DF162AD2C900E726AB /* BirdSightingDataController.m in Sources */,
				9E5D86E6162AF39500E726AB /* AddSightingViewController.m in Sources */,
			);
			runOnlyForDeploymentPostprocessing = 0;
		};
/* End PBXSourcesBuildPhase section */

/* Begin PBXVariantGroup section */
		9E5D86BD162ACB4900E726AB /* InfoPlist.strings */ = {
			isa = PBXVariantGroup;
			children = (
				9E5D86BE162ACB4900E726AB /* en */,
			);
			name = InfoPlist.strings;
			sourceTree = "<group>";
		};
		9E5D86CC162ACB4900E726AB /* MainStoryboard.storyboard */ = {
			isa = PBXVariantGroup;
			children = (
				9E5D86CD162ACB4900E726AB /* en */,
			);
			name = MainStoryboard.storyboard;
			sourceTree = "<group>";
		};
/* End PBXVariantGroup section */

/* Begin XCBuildConfiguration section */
		9E5D86D5162ACB4A00E726AB /* Debug */ = {
			isa = XCBuildConfiguration;
			buildSettings = {
				ALWAYS_SEARCH_USER_PATHS = NO;
				CLANG_CXX_LANGUAGE_STANDARD = "gnu++0x";
				CLANG_CXX_LIBRARY = "libc++";
				CLANG_ENABLE_OBJC_ARC = YES;
				CLANG_WARN_EMPTY_BODY = YES;
				CLANG_WARN__DUPLICATE_METHOD_MATCH = YES;
				"CODE_SIGN_IDENTITY[sdk=iphoneos*]" = "iPhone Developer";
				COPY_PHASE_STRIP = NO;
				GCC_C_LANGUAGE_STANDARD = gnu99;
				GCC_DYNAMIC_NO_PIC = NO;
				GCC_OPTIMIZATION_LEVEL = 0;
				GCC_PREPROCESSOR_DEFINITIONS = (
					"DEBUG=1",
					"$(inherited)",
				);
				GCC_SYMBOLS_PRIVATE_EXTERN = NO;
				GCC_WARN_ABOUT_RETURN_TYPE = YES;
				GCC_WARN_UNINITIALIZED_AUTOS = YES;
				GCC_WARN_UNUSED_VARIABLE = YES;
				IPHONEOS_DEPLOYMENT_TARGET = 6.0;
				ONLY_ACTIVE_ARCH = YES;
				SDKROOT = iphoneos;
			};
			name = Debug;
		};
		9E5D86D6162ACB4A00E726AB /* Release */ = {
			isa = XCBuildConfiguration;
			buildSettings = {
				ALWAYS_SEARCH_USER_PATHS = NO;
				CLANG_CXX_LANGUAGE_STANDARD = "gnu++0x";
				CLANG_CXX_LIBRARY = "libc++";
				CLANG_ENABLE_OBJC_ARC = YES;
				CLANG_WARN_EMPTY_BODY = YES;
				CLANG_WARN__DUPLICATE_METHOD_MATCH = YES;
				"CODE_SIGN_IDENTITY[sdk=iphoneos*]" = "iPhone Developer";
				COPY_PHASE_STRIP = YES;
				GCC_C_LANGUAGE_STANDARD = gnu99;
				GCC_WARN_ABOUT_RETURN_TYPE = YES;
				GCC_WARN_UNINITIALIZED_AUTOS = YES;
				GCC_WARN_UNUSED_VARIABLE = YES;
				IPHONEOS_DEPLOYMENT_TARGET = 6.0;
				OTHER_CFLAGS = "-DNS_BLOCK_ASSERTIONS=1";
				SDKROOT = iphoneos;
				VALIDATE_PRODUCT = YES;
			};
			name = Release;
		};
		9E5D86D8162ACB4A00E726AB /* Debug */ = {
			isa = XCBuildConfiguration;
			buildSettings = {
				GCC_PRECOMPILE_PREFIX_HEADER = YES;
				GCC_PREFIX_HEADER = "BirdWatching/BirdWatching-Prefix.pch";
				INFOPLIST_FILE = "BirdWatching/BirdWatching-Info.plist";
				PRODUCT_NAME = "$(TARGET_NAME)";
				WRAPPER_EXTENSION = app;
			};
			name = Debug;
		};
		9E5D86D9162ACB4A00E726AB /* Release */ = {
			isa = XCBuildConfiguration;
			buildSettings = {
				GCC_PRECOMPILE_PREFIX_HEADER = YES;
				GCC_PREFIX_HEADER = "BirdWatching/BirdWatching-Prefix.pch";
				INFOPLIST_FILE = "BirdWatching/BirdWatching-Info.plist";
				PRODUCT_NAME = "$(TARGET_NAME)";
				WRAPPER_EXTENSION = app;
			};
			name = Release;
		};
/* End XCBuildConfiguration section */

/* Begin XCConfigurationList section */
		9E5D86AA162ACB4900E726AB /* Build configuration list for PBXProject "BirdWatching" */ = {
			isa = XCConfigurationList;
			buildConfigurations = (
				9E5D86D5162ACB4A00E726AB /* Debug */,
				9E5D86D6162ACB4A00E726AB /* Release */,
			);
			defaultConfigurationIsVisible = 0;
			defaultConfigurationName = Release;
		};
		9E5D86D7162ACB4A00E726AB /* Build configuration list for PBXNativeTarget "BirdWatching" */ = {
			isa = XCConfigurationList;
			buildConfigurations = (
				9E5D86D8162ACB4A00E726AB /* Debug */,
				9E5D86D9162ACB4A00E726AB /* Release */,
			);
			defaultConfigurationIsVisible = 0;
		};
/* End XCConfigurationList section */
	};
	rootObject = 9E5D86A7162ACB4900E726AB /* Project object */;
}
